# This file is automatically @generated by Cargo.
# It is not intended for manual editing.
version = 4

[[package]]
name = "bitflags"
version = "2.10.0"
source = "registry+https://github.com/rust-lang/crates.io-index"
checksum = "812e12b5285cc515a9c72a5c1d3b6d46a19dac5acfef5265968c166106e31dd3"

[[package]]
name = "leb128fmt"
version = "0.1.0"
source = "registry+https://github.com/rust-lang/crates.io-index"
checksum = "09edd9e8b54e49e587e4f6295a7d29c3ea94d469cb40ab8ca70b288248a81db2"

[[package]]
name = "wasm-encoder"
version = "0.239.0"
source = "registry+https://github.com/rust-lang/crates.io-index"
checksum = "5be00faa2b4950c76fe618c409d2c3ea5a3c9422013e079482d78544bb2d184c"
dependencies = [
 "leb128fmt",
 "wasmparser",
]

[[package]]
name = "wasmparser"
version = "0.239.0"
source = "registry+https://github.com/rust-lang/crates.io-index"
checksum = "8c9d90bb93e764f6beabf1d02028c70a2156a6583e63ac4218dd07ef733368b0"
dependencies = [
 "bitflags",
]

[[package]]
name = "wax-core"
version = "0.1.0"
dependencies = [
 "wasm-encoder",
 "wasmparser",
]
